
Microsoft Visual Studio Solution File, Format Version 12.00
# Visual Studio Version 16
VisualStudioVersion = 16.0.29009.5
MinimumVisualStudioVersion = 10.0.40219.1
Project("{9A19103F-16F7-4668-BE54-9A1E7A4F7556}") = "NumberGuess", "NumberGuess\NumberGuess.csproj", "{D6DE84B0-E66C-4C06-9B29-BD3687283760}"
EndProject
Project("{9A19103F-16F7-4668-BE54-9A1E7A4F7556}") = "PedersGuessANumber", "..\..\source\repos\PedersGuessANumber\PedersGuessANumber\PedersGuessANumber.csproj", "{0FC50BEB-55F4-4FC8-8AAE-943664E474CC}"
EndProject
Global
	GlobalSection(SolutionConfigurationPlatforms) = preSolution
		Debug|Any CPU = Debug|Any CPU
		Release|Any CPU = Release|Any CPU
	EndGlobalSection
	GlobalSection(ProjectConfigurationPlatforms) = postSolution
		{D6DE84B0-E66C-4C06-9B29-BD3687283760}.Debug|Any CPU.ActiveCfg = Debug|Any CPU
		{D6DE84B0-E66C-4C06-9B29-BD3687283760}.Debug|Any CPU.Build.0 = Debug|Any CPU
		{D6DE84B0-E66C-4C06-9B29-BD3687283760}.Release|Any CPU.ActiveCfg = Release|Any CPU
		{D6DE84B0-E66C-4C06-9B29-BD3687283760}.Release|Any CPU.Build.0 = Release|Any CPU
		{0FC50BEB-55F4-4FC8-8AAE-943664E474CC}.Debug|Any CPU.ActiveCfg = Debug|Any CPU
		{0FC50BEB-55F4-4FC8-8AAE-943664E474CC}.Debug|Any CPU.Build.0 = Debug|Any CPU
		{0FC50BEB-55F4-4FC8-8AAE-943664E474CC}.Release|Any CPU.ActiveCfg = Release|Any CPU
		{0FC50BEB-55F4-4FC8-8AAE-943664E474CC}.Release|Any CPU.Build.0 = Release|Any CPU
	EndGlobalSection
	GlobalSection(SolutionProperties) = preSolution
		HideSolutionNode = FALSE
	EndGlobalSection
	GlobalSection(ExtensibilityGlobals) = postSolution
		SolutionGuid = {BDB8407F-48A6-44AC-BB51-357EB5823CC6}
	EndGlobalSection
EndGlobal
